lockVersion: 2.0.0
id: 7983074b-c61d-4f36-a4b8-1f1e5a5107e6
management:
  docChecksum: fcb45d84c941386715ad3a606e6dcab0
  docVersion: 1.0.18
  speakeasyVersion: 1.207.1
  generationVersion: 2.280.6
  releaseVersion: 3.2.2
  configChecksum: 7d189c5da1b9d8701346a54c1957fc6b
  repoURL: https://github.com/speakeasy-sdks/jkjklsdlfk.git
  repoSubDirectory: .
  installationURL: https://github.com/speakeasy-sdks/jkjklsdlfk
  published: true
features:
  go:
    constsAndDefaults: 0.1.4
    core: 3.4.4
    globalSecurity: 2.82.8
    globalServerURLs: 2.82.2
    methodSecurity: 2.82.2
    responseFormat: 0.1.0
generatedFiles:
  - pet.go
  - store.go
  - user.go
  - petstore.go
  - go.mod
  - pkg/models/sdkerrors/sdkerror.go
  - pkg/types/bigint.go
  - pkg/types/date.go
  - pkg/types/datetime.go
  - pkg/types/decimal.go
  - pkg/types/pointers.go
  - pkg/utils/contenttype.go
  - pkg/utils/form.go
  - pkg/utils/headers.go
  - pkg/utils/json.go
  - pkg/utils/pathparams.go
  - pkg/utils/queryparams.go
  - pkg/utils/requestbody.go
  - pkg/utils/retries.go
  - pkg/utils/security.go
  - pkg/utils/utils.go
  - /pkg/models/operations/addpetform.go
  - /pkg/models/operations/addpetjson.go
  - /pkg/models/operations/addpetraw.go
  - /pkg/models/operations/deletepet.go
  - /pkg/models/operations/findpetsbystatus.go
  - /pkg/models/operations/findpetsbytags.go
  - /pkg/models/operations/getpetbyid.go
  - /pkg/models/operations/updatepetwithform.go
  - /pkg/models/operations/updatepetform.go
  - /pkg/models/operations/updatepetjson.go
  - /pkg/models/operations/updatepetraw.go
  - /pkg/models/operations/uploadfile.go
  - /pkg/models/operations/deleteorder.go
  - /pkg/models/operations/getinventory.go
  - /pkg/models/operations/getorderbyid.go
  - /pkg/models/operations/placeorderform.go
  - /pkg/models/operations/placeorderjson.go
  - /pkg/models/operations/placeorderraw.go
  - /pkg/models/operations/createuserform.go
  - /pkg/models/operations/createuserjson.go
  - /pkg/models/operations/createuserraw.go
  - /pkg/models/operations/createuserswithlistinput.go
  - /pkg/models/operations/deleteuser.go
  - /pkg/models/operations/getuserbyname.go
  - /pkg/models/operations/loginuser.go
  - /pkg/models/operations/logoutuser.go
  - /pkg/models/operations/updateuserform.go
  - /pkg/models/operations/updateuserjson.go
  - /pkg/models/operations/updateuserraw.go
  - /pkg/models/shared/pet.go
  - /pkg/models/shared/tag.go
  - /pkg/models/shared/category.go
  - /pkg/models/shared/apiresponse.go
  - /pkg/models/shared/order.go
  - /pkg/models/shared/user.go
  - /pkg/models/shared/security.go
  - docs/pkg/models/operations/addpetformresponse.md
  - docs/pkg/models/operations/addpetjsonresponse.md
  - docs/pkg/models/operations/addpetrawresponse.md
  - docs/pkg/models/operations/deletepetrequest.md
  - docs/pkg/models/operations/deletepetresponse.md
  - docs/pkg/models/operations/status.md
  - docs/pkg/models/operations/findpetsbystatusrequest.md
  - docs/pkg/models/operations/findpetsbystatusresponse.md
  - docs/pkg/models/operations/findpetsbytagsrequest.md
  - docs/pkg/models/operations/findpetsbytagsresponse.md
  - docs/pkg/models/operations/getpetbyidsecurity.md
  - docs/pkg/models/operations/getpetbyidrequest.md
  - docs/pkg/models/operations/getpetbyidresponse.md
  - docs/pkg/models/operations/updatepetwithformrequest.md
  - docs/pkg/models/operations/updatepetwithformresponse.md
  - docs/pkg/models/operations/updatepetformresponse.md
  - docs/pkg/models/operations/updatepetjsonresponse.md
  - docs/pkg/models/operations/updatepetrawresponse.md
  - docs/pkg/models/operations/uploadfilerequest.md
  - docs/pkg/models/operations/uploadfileresponse.md
  - docs/pkg/models/operations/deleteorderrequest.md
  - docs/pkg/models/operations/deleteorderresponse.md
  - docs/pkg/models/operations/getinventorysecurity.md
  - docs/pkg/models/operations/getinventoryresponse.md
  - docs/pkg/models/operations/getorderbyidrequest.md
  - docs/pkg/models/operations/getorderbyidresponse.md
  - docs/pkg/models/operations/placeorderformresponse.md
  - docs/pkg/models/operations/placeorderjsonresponse.md
  - docs/pkg/models/operations/placeorderrawresponse.md
  - docs/pkg/models/operations/createuserformresponse.md
  - docs/pkg/models/operations/createuserjsonresponse.md
  - docs/pkg/models/operations/createuserrawresponse.md
  - docs/pkg/models/operations/createuserswithlistinputresponse.md
  - docs/pkg/models/operations/deleteuserrequest.md
  - docs/pkg/models/operations/deleteuserresponse.md
  - docs/pkg/models/operations/getuserbynamerequest.md
  - docs/pkg/models/operations/getuserbynameresponse.md
  - docs/pkg/models/operations/loginuserrequest.md
  - docs/pkg/models/operations/loginuserresponse.md
  - docs/pkg/models/operations/logoutuserresponse.md
  - docs/pkg/models/operations/updateuserformrequest.md
  - docs/pkg/models/operations/updateuserformresponse.md
  - docs/pkg/models/operations/updateuserjsonrequest.md
  - docs/pkg/models/operations/updateuserjsonresponse.md
  - docs/pkg/models/operations/updateuserrawrequest.md
  - docs/pkg/models/operations/updateuserrawresponse.md
  - docs/pkg/models/shared/petschemascategorystatus.md
  - docs/pkg/models/shared/petcategory.md
  - docs/pkg/models/shared/petschemasstatus.md
  - docs/pkg/models/shared/petschemasid.md
  - docs/pkg/models/shared/petschemasnamestatus.md
  - docs/pkg/models/shared/petname.md
  - docs/pkg/models/shared/petschemasphotourlsstatus.md
  - docs/pkg/models/shared/photourls.md
  - docs/pkg/models/shared/petschemasstatusstatus.md
  - docs/pkg/models/shared/petstatus.md
  - docs/pkg/models/shared/petschemastagsstatus.md
  - docs/pkg/models/shared/tags.md
  - docs/pkg/models/shared/pet.md
  - docs/pkg/models/shared/tagid.md
  - docs/pkg/models/shared/tagname.md
  - docs/pkg/models/shared/tag.md
  - docs/pkg/models/shared/id.md
  - docs/pkg/models/shared/name.md
  - docs/pkg/models/shared/category.md
  - docs/pkg/models/shared/code.md
  - docs/pkg/models/shared/message.md
  - docs/pkg/models/shared/type.md
  - docs/pkg/models/shared/apiresponse.md
  - docs/pkg/models/shared/orderschemascompletestatus.md
  - docs/pkg/models/shared/complete.md
  - docs/pkg/models/shared/orderstatus.md
  - docs/pkg/models/shared/orderid.md
  - docs/pkg/models/shared/orderschemasstatus.md
  - docs/pkg/models/shared/petid.md
  - docs/pkg/models/shared/orderschemasquantitystatus.md
  - docs/pkg/models/shared/quantity.md
  - docs/pkg/models/shared/orderschemasshipdatestatus.md
  - docs/pkg/models/shared/shipdate.md
  - docs/pkg/models/shared/orderschemasstatusstatus.md
  - docs/pkg/models/shared/status.md
  - docs/pkg/models/shared/order.md
  - docs/pkg/models/shared/email.md
  - docs/pkg/models/shared/firstname.md
  - docs/pkg/models/shared/userid.md
  - docs/pkg/models/shared/lastname.md
  - docs/pkg/models/shared/password.md
  - docs/pkg/models/shared/phone.md
  - docs/pkg/models/shared/userstatus.md
  - docs/pkg/models/shared/username.md
  - docs/pkg/models/shared/user.md
  - docs/pkg/models/shared/security.md
  - docs/sdks/petstore/README.md
  - docs/sdks/pet/README.md
  - docs/sdks/store/README.md
  - docs/sdks/user/README.md
  - USAGE.md
  - pkg/models/operations/options.go
  - .gitattributes
  - internal/hooks/hooks.go
